
Microsoft Visual Studio Solution File, Format Version 12.00
# Visual Studio Version 17
VisualStudioVersion = 17.13.35913.81 d17.13
MinimumVisualStudioVersion = 10.0.40219.1
Project("{FAE04EC0-301F-11D3-BF4B-00C04F79EFBC}") = "AnotherImpelementation", "AnotherImpelementation.csproj", "{12561DF8-C766-401C-9E45-F41D9FB36414}"
EndProject
Global
	GlobalSection(SolutionConfigurationPlatforms) = preSolution
		Debug|Any CPU = Debug|Any CPU
		Release|Any CPU = Release|Any CPU
	EndGlobalSection
	GlobalSection(ProjectConfigurationPlatforms) = postSolution
		{12561DF8-C766-401C-9E45-F41D9FB36414}.Debug|Any CPU.ActiveCfg = Debug|Any CPU
		{12561DF8-C766-401C-9E45-F41D9FB36414}.Debug|Any CPU.Build.0 = Debug|Any CPU
		{12561DF8-C766-401C-9E45-F41D9FB36414}.Release|Any CPU.ActiveCfg = Release|Any CPU
		{12561DF8-C766-401C-9E45-F41D9FB36414}.Release|Any CPU.Build.0 = Release|Any CPU
	EndGlobalSection
	GlobalSection(SolutionProperties) = preSolution
		HideSolutionNode = FALSE
	EndGlobalSection
	GlobalSection(ExtensibilityGlobals) = postSolution
		SolutionGuid = {1983D15D-925A-4EE7-9D97-4B261921FA71}
	EndGlobalSection
EndGlobal
